
Microsoft Visual Studio Solution File, Format Version 12.00
# Visual Studio Version 16
VisualStudioVersion = 16.0.31729.503
MinimumVisualStudioVersion = 10.0.40219.1
Project("{FAE04EC0-301F-11D3-BF4B-00C04F79EFBC}") = "CadastroSimples", "CadastroSimples\CadastroSimples.csproj", "{8312BEBE-2300-42BE-9916-0C56B30F4296}"
EndProject
Global
	GlobalSection(SolutionConfigurationPlatforms) = preSolution
		Debug|Any CPU = Debug|Any CPU
		Release|Any CPU = Release|Any CPU
	EndGlobalSection
	GlobalSection(ProjectConfigurationPlatforms) = postSolution
		{8312BEBE-2300-42BE-9916-0C56B30F4296}.Debug|Any CPU.ActiveCfg = Debug|Any CPU
		{8312BEBE-2300-42BE-9916-0C56B30F4296}.Debug|Any CPU.Build.0 = Debug|Any CPU
		{8312BEBE-2300-42BE-9916-0C56B30F4296}.Release|Any CPU.ActiveCfg = Release|Any CPU
		{8312BEBE-2300-42BE-9916-0C56B30F4296}.Release|Any CPU.Build.0 = Release|Any CPU
	EndGlobalSection
	GlobalSection(SolutionProperties) = preSolution
		HideSolutionNode = FALSE
	EndGlobalSection
	GlobalSection(ExtensibilityGlobals) = postSolution
		SolutionGuid = {706955F3-B2EF-418B-AC5E-E790B761B73C}
	EndGlobalSection
EndGlobal
